// !$*UTF8*$!
{
	archiveVersion = 1;
	classes = {
	};
	objectVersion = 50;
	objects = {

/* Begin PBXBuildFile section */
		6108685524DB438A0083AC41 /* AppDelegate.swift in Sources */ = {isa = PBXBuildFile; fileRef = 6108685424DB438A0083AC41 /* AppDelegate.swift */; };
		6108685724DB438A0083AC41 /* SceneDelegate.swift in Sources */ = {isa = PBXBuildFile; fileRef = 6108685624DB438A0083AC41 /* SceneDelegate.swift */; };
		6108685924DB438A0083AC41 /* ViewController.swift in Sources */ = {isa = PBXBuildFile; fileRef = 6108685824DB438A0083AC41 /* ViewController.swift */; };
		6108685C24DB438A0083AC41 /* Main.storyboard in Resources */ = {isa = PBXBuildFile; fileRef = 6108685A24DB438A0083AC41 /* Main.storyboard */; };
		6108685F24DB438A0083AC41 /* Homework2.xcdatamodeld in Sources */ = {isa = PBXBuildFile; fileRef = 6108685D24DB438A0083AC41 /* Homework2.xcdatamodeld */; };
		6108686124DB438E0083AC41 /* Assets.xcassets in Resources */ = {isa = PBXBuildFile; fileRef = 6108686024DB438E0083AC41 /* Assets.xcassets */; };
		6108686424DB438E0083AC41 /* LaunchScreen.storyboard in Resources */ = {isa = PBXBuildFile; fileRef = 6108686224DB438E0083AC41 /* LaunchScreen.storyboard */; };
		6108686D24DB44C30083AC41 /* City+CoreDataClass.swift in Sources */ = {isa = PBXBuildFile; fileRef = 6108686B24DB44C30083AC41 /* City+CoreDataClass.swift */; };
		6108686E24DB44C30083AC41 /* City.swift in Sources */ = {isa = PBXBuildFile; fileRef = 6108686C24DB44C30083AC41 /* City.swift */; };
		6108687024DB45000083AC41 /* Model.swift in Sources */ = {isa = PBXBuildFile; fileRef = 6108686F24DB45000083AC41 /* Model.swift */; };
		6108687224DB5DCE0083AC41 /* DetailViewController.swift in Sources */ = {isa = PBXBuildFile; fileRef = 6108687124DB5DCE0083AC41 /* DetailViewController.swift */; };
		61E9410C24DCC86D008EF1B7 /* DetailViewController.swift in Sources */ = {isa = PBXBuildFile; fileRef = 61E9410B24DCC86D008EF1B7 /* DetailViewController.swift */; };
		61E9410E24DCEA4D008EF1B7 /* CityTableViewCell.swift in Sources */ = {isa = PBXBuildFile; fileRef = 61E9410D24DCEA4D008EF1B7 /* CityTableViewCell.swift */; };
/* End PBXBuildFile section */

/* Begin PBXFileReference section */
		6108685124DB438A0083AC41 /* Homework2.app */ = {isa = PBXFileReference; explicitFileType = wrapper.application; includeInIndex = 0; path = Homework2.app; sourceTree = BUILT_PRODUCTS_DIR; };
		6108685424DB438A0083AC41 /* AppDelegate.swift */ = {isa = PBXFileReference; lastKnownFileType = sourcecode.swift; path = AppDelegate.swift; sourceTree = "<group>"; };
		6108685624DB438A0083AC41 /* SceneDelegate.swift */ = {isa = PBXFileReference; lastKnownFileType = sourcecode.swift; path = SceneDelegate.swift; sourceTree = "<group>"; };
		6108685824DB438A0083AC41 /* ViewController.swift */ = {isa = PBXFileReference; lastKnownFileType = sourcecode.swift; path = ViewController.swift; sourceTree = "<group>"; };
		6108685B24DB438A0083AC41 /* Base */ = {isa = PBXFileReference; lastKnownFileType = file.storyboard; name = Base; path = Base.lproj/Main.storyboard; sourceTree = "<group>"; };
		6108685E24DB438A0083AC41 /* Homework2.xcdatamodel */ = {isa = PBXFileReference; lastKnownFileType = wrapper.xcdatamodel; path = Homework2.xcdatamodel; sourceTree = "<group>"; };
		6108686024DB438E0083AC41 /* Assets.xcassets */ = {isa = PBXFileReference; lastKnownFileType = folder.assetcatalog; path = Assets.xcassets; sourceTree = "<group>"; };
		6108686324DB438E0083AC41 /* Base */ = {isa = PBXFileReference; lastKnownFileType = file.storyboard; name = Base; path = Base.lproj/LaunchScreen.storyboard; sourceTree = "<group>"; };
		6108686524DB438E0083AC41 /* Info.plist */ = {isa = PBXFileReference; lastKnownFileType = text.plist.xml; path = Info.plist; sourceTree = "<group>"; };
		6108686B24DB44C30083AC41 /* City+CoreDataClass.swift */ = {isa = PBXFileReference; lastKnownFileType = sourcecode.swift; path = "City+CoreDataClass.swift"; sourceTree = "<group>"; };
		6108686C24DB44C30083AC41 /* City.swift */ = {isa = PBXFileReference; lastKnownFileType = sourcecode.swift; path = City.swift; sourceTree = "<group>"; };
		6108686F24DB45000083AC41 /* Model.swift */ = {isa = PBXFileReference; lastKnownFileType = sourcecode.swift; path = Model.swift; sourceTree = "<group>"; };
		6108687124DB5DCE0083AC41 /* DetailViewController.swift */ = {isa = PBXFileReference; lastKnownFileType = sourcecode.swift; path = DetailViewController.swift; sourceTree = "<group>"; };
		61E9410B24DCC86D008EF1B7 /* DetailViewController.swift */ = {isa = PBXFileReference; lastKnownFileType = sourcecode.swift; path = DetailViewController.swift; sourceTree = "<group>"; };
		61E9410D24DCEA4D008EF1B7 /* CityTableViewCell.swift */ = {isa = PBXFileReference; lastKnownFileType = sourcecode.swift; path = CityTableViewCell.swift; sourceTree = "<group>"; };
/* End PBXFileReference section */

/* Begin PBXFrameworksBuildPhase section */
		6108684E24DB438A0083AC41 /* Frameworks */ = {
			isa = PBXFrameworksBuildPhase;
			buildActionMask = 2147483647;
			files = (
			);
			runOnlyForDeploymentPostprocessing = 0;
		};
/* End PBXFrameworksBuildPhase section */

/* Begin PBXGroup section */
		6108684824DB438A0083AC41 = {
			isa = PBXGroup;
			children = (
				6108685324DB438A0083AC41 /* Homework2 */,
				6108685224DB438A0083AC41 /* Products */,
			);
			sourceTree = "<group>";
		};
		6108685224DB438A0083AC41 /* Products */ = {
			isa = PBXGroup;
			children = (
				6108685124DB438A0083AC41 /* Homework2.app */,
			);
			name = Products;
			sourceTree = "<group>";
		};
		6108685324DB438A0083AC41 /* Homework2 */ = {
			isa = PBXGroup;
			children = (
				6108686C24DB44C30083AC41 /* City.swift */,
				6108686F24DB45000083AC41 /* Model.swift */,
				6108686B24DB44C30083AC41 /* City+CoreDataClass.swift */,
				61E9410B24DCC86D008EF1B7 /* DetailViewController.swift */,
				6108685424DB438A0083AC41 /* AppDelegate.swift */,
				6108685624DB438A0083AC41 /* SceneDelegate.swift */,
				6108685824DB438A0083AC41 /* ViewController.swift */,
				6108685A24DB438A0083AC41 /* Main.storyboard */,
				61E9410D24DCEA4D008EF1B7 /* CityTableViewCell.swift */,
				6108687124DB5DCE0083AC41 /* DetailViewController.swift */,
				6108686024DB438E0083AC41 /* Assets.xcassets */,
				6108686224DB438E0083AC41 /* LaunchScreen.storyboard */,
				6108686524DB438E0083AC41 /* Info.plist */,
				6108685D24DB438A0083AC41 /* Homework2.xcdatamodeld */,
			);
			path = Homework2;
			sourceTree = "<group>";
		};
/* End PBXGroup section */

/* Begin PBXNativeTarget section */
		6108685024DB438A0083AC41 /* Homework2 */ = {
			isa = PBXNativeTarget;
			buildConfigurationList = 6108686824DB438E0083AC41 /* Build configuration list for PBXNativeTarget "Homework2" */;
			buildPhases = (
				6108684D24DB438A0083AC41 /* Sources */,
				6108684E24DB438A0083AC41 /* Frameworks */,
				6108684F24DB438A0083AC41 /* Resources */,
			);
			buildRules = (
			);
			dependencies = (
			);
			name = Homework2;
			productName = Homework2;
			productReference = 6108685124DB438A0083AC41 /* Homework2.app */;
			productType = "com.apple.product-type.application";
		};
/* End PBXNativeTarget section */

/* Begin PBXProject section */
		6108684924DB438A0083AC41 /* Project object */ = {
			isa = PBXProject;
			attributes = {
				LastSwiftUpdateCheck = 1160;
				LastUpgradeCheck = 1160;
				ORGANIZATIONNAME = "Melanie Hendricks";
				TargetAttributes = {
					6108685024DB438A0083AC41 = {
						CreatedOnToolsVersion = 11.6;
					};
				};
			};
			buildConfigurationList = 6108684C24DB438A0083AC41 /* Build configuration list for PBXProject "Homework2" */;
			compatibilityVersion = "Xcode 9.3";
			developmentRegion = en;
			hasScannedForEncodings = 0;
			knownRegions = (
				en,
				Base,
			);
			mainGroup = 6108684824DB438A0083AC41;
			productRefGroup = 6108685224DB438A0083AC41 /* Products */;
			projectDirPath = "";
			projectRoot = "";
			targets = (
				6108685024DB438A0083AC41 /* Homework2 */,
			);
		};
/* End PBXProject section */

/* Begin PBXResourcesBuildPhase section */
		6108684F24DB438A0083AC41 /* Resources */ = {
			isa = PBXResourcesBuildPhase;
			buildActionMask = 2147483647;
			files = (
				6108686424DB438E0083AC41 /* LaunchScreen.storyboard in Resources */,
				6108686124DB438E0083AC41 /* Assets.xcassets in Resources */,
				6108685C24DB438A0083AC41 /* Main.storyboard in Resources */,
			);
			runOnlyForDeploymentPostprocessing = 0;
		};
/* End PBXResourcesBuildPhase section */

/* Begin PBXSourcesBuildPhase section */
		6108684D24DB438A0083AC41 /* Sources */ = {
			isa = PBXSourcesBuildPhase;
			buildActionMask = 2147483647;
			files = (
				6108687024DB45000083AC41 /* Model.swift in Sources */,
				6108685F24DB438A0083AC41 /* Homework2.xcdatamodeld in Sources */,
				61E9410E24DCEA4D008EF1B7 /* CityTableViewCell.swift in Sources */,
				6108685924DB438A0083AC41 /* ViewController.swift in Sources */,
				6108685524DB438A0083AC41 /* AppDelegate.swift in Sources */,
				6108685724DB438A0083AC41 /* SceneDelegate.swift in Sources */,
				6108686E24DB44C30083AC41 /* City.swift in Sources */,
				6108686D24DB44C30083AC41 /* City+CoreDataClass.swift in Sources */,
				6108687224DB5DCE0083AC41 /* DetailViewController.swift in Sources */,
				61E9410C24DCC86D008EF1B7 /* DetailViewController.swift in Sources */,
			);
			runOnlyForDeploymentPostprocessing = 0;
		};
/* End PBXSourcesBuildPhase section */

/* Begin PBXVariantGroup section */
		6108685A24DB438A0083AC41 /* Main.storyboard */ = {
			isa = PBXVariantGroup;
			children = (
				6108685B24DB438A0083AC41 /* Base */,
			);
			name = Main.storyboard;
			sourceTree = "<group>";
		};
		6108686224DB438E0083AC41 /* LaunchScreen.storyboard */ = {
			isa = PBXVariantGroup;
			children = (
				6108686324DB438E0083AC41 /* Base */,
			);
			name = LaunchScreen.storyboard;
			sourceTree = "<group>";
		};
/* End PBXVariantGroup section */

/* Begin XCBuildConfiguration section */
		6108686624DB438E0083AC41 /* Debug */ = {
			isa = XCBuildConfiguration;
			buildSettings = {
				ALWAYS_SEARCH_USER_PATHS = NO;
				CLANG_ANALYZER_NONNULL = YES;
				CLANG_ANALYZER_NUMBER_OBJECT_CONVERSION = YES_AGGRESSIVE;
				CLANG_CXX_LANGUAGE_STANDARD = "gnu++14";
				CLANG_CXX_LIBRARY = "libc++";
				CLANG_ENABLE_MODULES = YES;
				CLANG_ENABLE_OBJC_ARC = YES;
				CLANG_ENABLE_OBJC_WEAK = YES;
				CLANG_WARN_BLOCK_CAPTURE_AUTORELEASING = YES;
				CLANG_WARN_BOOL_CONVERSION = YES;
				CLANG_WARN_COMMA = YES;
				CLANG_WARN_CONSTANT_CONVERSION = YES;
				CLANG_WARN_DEPRECATED_OBJC_IMPLEMENTATIONS = YES;
				CLANG_WARN_DIRECT_OBJC_ISA_USAGE = YES_ERROR;
				CLANG_WARN_DOCUMENTATION_COMMENTS = YES;
				CLANG_WARN_EMPTY_BODY = YES;
				CLANG_WARN_ENUM_CONVERSION = YES;
				CLANG_WARN_INFINITE_RECURSION = YES;
				CLANG_WARN_INT_CONVERSION = YES;
				CLANG_WARN_NON_LITERAL_NULL_CONVERSION = YES;
				CLANG_WARN_OBJC_IMPLICIT_RETAIN_SELF = YES;
				CLANG_WARN_OBJC_LITERAL_CONVERSION = YES;
				CLANG_WARN_OBJC_ROOT_CLASS = YES_ERROR;
				CLANG_WARN_RANGE_LOOP_ANALYSIS = YES;
				CLANG_WARN_STRICT_PROTOTYPES = YES;
				CLANG_WARN_SUSPICIOUS_MOVE = YES;
				CLANG_WARN_UNGUARDED_AVAILABILITY = YES_AGGRESSIVE;
				CLANG_WARN_UNREACHABLE_CODE = YES;
				CLANG_WARN__DUPLICATE_METHOD_MATCH = YES;
				COPY_PHASE_STRIP = NO;
				DEBUG_INFORMATION_FORMAT = dwarf;
				ENABLE_STRICT_OBJC_MSGSEND = YES;
				ENABLE_TESTABILITY = YES;
				GCC_C_LANGUAGE_STANDARD = gnu11;
				GCC_DYNAMIC_NO_PIC = NO;
				GCC_NO_COMMON_BLOCKS = YES;
				GCC_OPTIMIZATION_LEVEL = 0;
				GCC_PREPROCESSOR_DEFINITIONS = (
					"DEBUG=1",
					"$(inherited)",
				);
				GCC_WARN_64_TO_32_BIT_CONVERSION = YES;
				GCC_WARN_ABOUT_RETURN_TYPE = YES_ERROR;
				GCC_WARN_UNDECLARED_SELECTOR = YES;
				GCC_WARN_UNINITIALIZED_AUTOS = YES_AGGRESSIVE;
				GCC_WARN_UNUSED_FUNCTION = YES;
				GCC_WARN_UNUSED_VARIABLE = YES;
				IPHONEOS_DEPLOYMENT_TARGET = 13.6;
				MTL_ENABLE_DEBUG_INFO = INCLUDE_SOURCE;
				MTL_FAST_MATH = YES;
				ONLY_ACTIVE_ARCH = YES;
				SDKROOT = iphoneos;
				SWIFT_ACTIVE_COMPILATION_CONDITIONS = DEBUG;
				SWIFT_OPTIMIZATION_LEVEL = "-Onone";
			};
			name = Debug;
		};
		6108686724DB438E0083AC41 /* Release */ = {
			isa = XCBuildConfiguration;
			buildSettings = {
				ALWAYS_SEARCH_USER_PATHS = NO;
				CLANG_ANALYZER_NONNULL = YES;
				CLANG_ANALYZER_NUMBER_OBJECT_CONVERSION = YES_AGGRESSIVE;
				CLANG_CXX_LANGUAGE_STANDARD = "gnu++14";
				CLANG_CXX_LIBRARY = "libc++";
				CLANG_ENABLE_MODULES = YES;
				CLANG_ENABLE_OBJC_ARC = YES;
				CLANG_ENABLE_OBJC_WEAK = YES;
				CLANG_WARN_BLOCK_CAPTURE_AUTORELEASING = YES;
				CLANG_WARN_BOOL_CONVERSION = YES;
				CLANG_WARN_COMMA = YES;
				CLANG_WARN_CONSTANT_CONVERSION = YES;
				CLANG_WARN_DEPRECATED_OBJC_IMPLEMENTATIONS = YES;
				CLANG_WARN_DIRECT_OBJC_ISA_USAGE = YES_ERROR;
				CLANG_WARN_DOCUMENTATION_COMMENTS = YES;
				CLANG_WARN_EMPTY_BODY = YES;
				CLANG_WARN_ENUM_CONVERSION = YES;
				CLANG_WARN_INFINITE_RECURSION = YES;
				CLANG_WARN_INT_CONVERSION = YES;
				CLANG_WARN_NON_LITERAL_NULL_CONVERSION = YES;
				CLANG_WARN_OBJC_IMPLICIT_RETAIN_SELF = YES;
				CLANG_WARN_OBJC_LITERAL_CONVERSION = YES;
				CLANG_WARN_OBJC_ROOT_CLASS = YES_ERROR;
				CLANG_WARN_RANGE_LOOP_ANALYSIS = YES;
				CLANG_WARN_STRICT_PROTOTYPES = YES;
				CLANG_WARN_SUSPICIOUS_MOVE = YES;
				CLANG_WARN_UNGUARDED_AVAILABILITY = YES_AGGRESSIVE;
				CLANG_WARN_UNREACHABLE_CODE = YES;
				CLANG_WARN__DUPLICATE_METHOD_MATCH = YES;
				COPY_PHASE_STRIP = NO;
				DEBUG_INFORMATION_FORMAT = "dwarf-with-dsym";
				ENABLE_NS_ASSERTIONS = NO;
				ENABLE_STRICT_OBJC_MSGSEND = YES;
				GCC_C_LANGUAGE_STANDARD = gnu11;
				GCC_NO_COMMON_BLOCKS = YES;
				GCC_WARN_64_TO_32_BIT_CONVERSION = YES;
				GCC_WARN_ABOUT_RETURN_TYPE = YES_ERROR;
				GCC_WARN_UNDECLARED_SELECTOR = YES;
				GCC_WARN_UNINITIALIZED_AUTOS = YES_AGGRESSIVE;
				GCC_WARN_UNUSED_FUNCTION = YES;
				GCC_WARN_UNUSED_VARIABLE = YES;
				IPHONEOS_DEPLOYMENT_TARGET = 13.6;
				MTL_ENABLE_DEBUG_INFO = NO;
				MTL_FAST_MATH = YES;
				SDKROOT = iphoneos;
				SWIFT_COMPILATION_MODE = wholemodule;
				SWIFT_OPTIMIZATION_LEVEL = "-O";
				VALIDATE_PRODUCT = YES;
			};
			name = Release;
		};
		6108686924DB438E0083AC41 /* Debug */ = {
			isa = XCBuildConfiguration;
			buildSettings = {
				ASSETCATALOG_COMPILER_APPICON_NAME = AppIcon;
				CODE_SIGN_STYLE = Automatic;
				INFOPLIST_FILE = Homework2/Info.plist;
				LD_RUNPATH_SEARCH_PATHS = (
					"$(inherited)",
					"@executable_path/Frameworks",
				);
				PRODUCT_BUNDLE_IDENTIFIER = ASU.Homework2;
				PRODUCT_NAME = "$(TARGET_NAME)";
				SWIFT_VERSION = 5.0;
				TARGETED_DEVICE_FAMILY = "1,2";
			};
			name = Debug;
		};
		6108686A24DB438E0083AC41 /* Release */ = {
			isa = XCBuildConfiguration;
			buildSettings = {
				ASSETCATALOG_COMPILER_APPICON_NAME = AppIcon;
				CODE_SIGN_STYLE = Automatic;
				INFOPLIST_FILE = Homework2/Info.plist;
				LD_RUNPATH_SEARCH_PATHS = (
					"$(inherited)",
					"@executable_path/Frameworks",
				);
				PRODUCT_BUNDLE_IDENTIFIER = ASU.Homework2;
				PRODUCT_NAME = "$(TARGET_NAME)";
				SWIFT_VERSION = 5.0;
				TARGETED_DEVICE_FAMILY = "1,2";
			};
			name = Release;
		};
/* End XCBuildConfiguration section */

/* Begin XCConfigurationList section */
		6108684C24DB438A0083AC41 /* Build configuration list for PBXProject "Homework2" */ = {
			isa = XCConfigurationList;
			buildConfigurations = (
				6108686624DB438E0083AC41 /* Debug */,
				6108686724DB438E0083AC41 /* Release */,
			);
			defaultConfigurationIsVisible = 0;
			defaultConfigurationName = Release;
		};
		6108686824DB438E0083AC41 /* Build configuration list for PBXNativeTarget "Homework2" */ = {
			isa = XCConfigurationList;
			buildConfigurations = (
				6108686924DB438E0083AC41 /* Debug */,
				6108686A24DB438E0083AC41 /* Release */,
			);
			defaultConfigurationIsVisible = 0;
			defaultConfigurationName = Release;
		};
/* End XCConfigurationList section */

/* Begin XCVersionGroup section */
		6108685D24DB438A0083AC41 /* Homework2.xcdatamodeld */ = {
			isa = XCVersionGroup;
			children = (
				6108685E24DB438A0083AC41 /* Homework2.xcdatamodel */,
			);
			currentVersion = 6108685E24DB438A0083AC41 /* Homework2.xcdatamodel */;
			path = Homework2.xcdatamodeld;
			sourceTree = "<group>";
			versionGroupType = wrapper.xcdatamodel;
		};
/* End XCVersionGroup section */
	};
	rootObject = 6108684924DB438A0083AC41 /* Project object */;
}
